
Microsoft Visual Studio Solution File, Format Version 12.00
# Visual Studio Version 17
VisualStudioVersion = 17.8.34330.188
MinimumVisualStudioVersion = 10.0.40219.1
Project("{FAE04EC0-301F-11D3-BF4B-00C04F79EFBC}") = "NTFSPermSmash", "NTFSPermSmash.csproj", "{EC3AAE62-7A49-45E6-9E3C-912B5A3C012C}"
EndProject
Global
	GlobalSection(SolutionConfigurationPlatforms) = preSolution
		Debug|Any CPU = Debug|Any CPU
		Release|Any CPU = Release|Any CPU
	EndGlobalSection
	GlobalSection(ProjectConfigurationPlatforms) = postSolution
		{EC3AAE62-7A49-45E6-9E3C-912B5A3C012C}.Debug|Any CPU.ActiveCfg = Debug|Any CPU
		{EC3AAE62-7A49-45E6-9E3C-912B5A3C012C}.Debug|Any CPU.Build.0 = Debug|Any CPU
		{EC3AAE62-7A49-45E6-9E3C-912B5A3C012C}.Release|Any CPU.ActiveCfg = Release|Any CPU
		{EC3AAE62-7A49-45E6-9E3C-912B5A3C012C}.Release|Any CPU.Build.0 = Release|Any CPU
	EndGlobalSection
	GlobalSection(SolutionProperties) = preSolution
		HideSolutionNode = FALSE
	EndGlobalSection
	GlobalSection(ExtensibilityGlobals) = postSolution
		SolutionGuid = {AA9C229E-08FD-4BED-AADD-211CD4B5F3F5}
	EndGlobalSection
EndGlobal
